
Microsoft Visual Studio Solution File, Format Version 12.00
# Visual Studio Version 17
VisualStudioVersion = 17.1.32210.238
MinimumVisualStudioVersion = 10.0.40219.1
Project("{FAE04EC0-301F-11D3-BF4B-00C04F79EFBC}") = "StaticClassesAndMembers", "StaticClassesAndMembers\StaticClassesAndMembers.csproj", "{BE52D31E-9355-4013-8EA4-196AFFFB78A8}"
EndProject
Global
	GlobalSection(SolutionConfigurationPlatforms) = preSolution
		Debug|Any CPU = Debug|Any CPU
		Release|Any CPU = Release|Any CPU
	EndGlobalSection
	GlobalSection(ProjectConfigurationPlatforms) = postSolution
		{BE52D31E-9355-4013-8EA4-196AFFFB78A8}.Debug|Any CPU.ActiveCfg = Debug|Any CPU
		{BE52D31E-9355-4013-8EA4-196AFFFB78A8}.Debug|Any CPU.Build.0 = Debug|Any CPU
		{BE52D31E-9355-4013-8EA4-196AFFFB78A8}.Release|Any CPU.ActiveCfg = Release|Any CPU
		{BE52D31E-9355-4013-8EA4-196AFFFB78A8}.Release|Any CPU.Build.0 = Release|Any CPU
	EndGlobalSection
	GlobalSection(SolutionProperties) = preSolution
		HideSolutionNode = FALSE
	EndGlobalSection
	GlobalSection(ExtensibilityGlobals) = postSolution
		SolutionGuid = {D65A0BC5-8FCD-44A7-BE2D-725A9ED73DD0}
	EndGlobalSection
EndGlobal
