
Microsoft Visual Studio Solution File, Format Version 12.00
# Visual Studio Version 17
VisualStudioVersion = 17.1.32210.238
MinimumVisualStudioVersion = 10.0.40219.1
Project("{FAE04EC0-301F-11D3-BF4B-00C04F79EFBC}") = "SwitchCase", "SwitchCase\SwitchCase.csproj", "{A50705DD-FBE6-4F04-80F8-5F8F7DE26360}"
EndProject
Global
	GlobalSection(SolutionConfigurationPlatforms) = preSolution
		Debug|Any CPU = Debug|Any CPU
		Release|Any CPU = Release|Any CPU
	EndGlobalSection
	GlobalSection(ProjectConfigurationPlatforms) = postSolution
		{A50705DD-FBE6-4F04-80F8-5F8F7DE26360}.Debug|Any CPU.ActiveCfg = Debug|Any CPU
		{A50705DD-FBE6-4F04-80F8-5F8F7DE26360}.Debug|Any CPU.Build.0 = Debug|Any CPU
		{A50705DD-FBE6-4F04-80F8-5F8F7DE26360}.Release|Any CPU.ActiveCfg = Release|Any CPU
		{A50705DD-FBE6-4F04-80F8-5F8F7DE26360}.Release|Any CPU.Build.0 = Release|Any CPU
	EndGlobalSection
	GlobalSection(SolutionProperties) = preSolution
		HideSolutionNode = FALSE
	EndGlobalSection
	GlobalSection(ExtensibilityGlobals) = postSolution
		SolutionGuid = {05C29E0A-2665-432C-9952-9B56BECCFD14}
	EndGlobalSection
EndGlobal
