
Microsoft Visual Studio Solution File, Format Version 12.00
# Visual Studio Version 17
VisualStudioVersion = 17.1.32210.238
MinimumVisualStudioVersion = 10.0.40219.1
Project("{FAE04EC0-301F-11D3-BF4B-00C04F79EFBC}") = "DateTimeAndMathClass", "DateTimeAndMathClass\DateTimeAndMathClass.csproj", "{0D7B2B60-94DA-43D1-BF7F-6D2C8337BAEE}"
EndProject
Global
	GlobalSection(SolutionConfigurationPlatforms) = preSolution
		Debug|Any CPU = Debug|Any CPU
		Release|Any CPU = Release|Any CPU
	EndGlobalSection
	GlobalSection(ProjectConfigurationPlatforms) = postSolution
		{0D7B2B60-94DA-43D1-BF7F-6D2C8337BAEE}.Debug|Any CPU.ActiveCfg = Debug|Any CPU
		{0D7B2B60-94DA-43D1-BF7F-6D2C8337BAEE}.Debug|Any CPU.Build.0 = Debug|Any CPU
		{0D7B2B60-94DA-43D1-BF7F-6D2C8337BAEE}.Release|Any CPU.ActiveCfg = Release|Any CPU
		{0D7B2B60-94DA-43D1-BF7F-6D2C8337BAEE}.Release|Any CPU.Build.0 = Release|Any CPU
	EndGlobalSection
	GlobalSection(SolutionProperties) = preSolution
		HideSolutionNode = FALSE
	EndGlobalSection
	GlobalSection(ExtensibilityGlobals) = postSolution
		SolutionGuid = {90268E36-40C3-49C0-9EB3-AE6703379F35}
	EndGlobalSection
EndGlobal
