
Microsoft Visual Studio Solution File, Format Version 12.00
# Visual Studio Version 17
VisualStudioVersion = 17.1.32210.238
MinimumVisualStudioVersion = 10.0.40219.1
Project("{FAE04EC0-301F-11D3-BF4B-00C04F79EFBC}") = "WhileForEach", "WhileForEach\WhileForEach.csproj", "{CE18353E-021A-48B7-9EE6-3A82A94AFD0C}"
EndProject
Global
	GlobalSection(SolutionConfigurationPlatforms) = preSolution
		Debug|Any CPU = Debug|Any CPU
		Release|Any CPU = Release|Any CPU
	EndGlobalSection
	GlobalSection(ProjectConfigurationPlatforms) = postSolution
		{CE18353E-021A-48B7-9EE6-3A82A94AFD0C}.Debug|Any CPU.ActiveCfg = Debug|Any CPU
		{CE18353E-021A-48B7-9EE6-3A82A94AFD0C}.Debug|Any CPU.Build.0 = Debug|Any CPU
		{CE18353E-021A-48B7-9EE6-3A82A94AFD0C}.Release|Any CPU.ActiveCfg = Release|Any CPU
		{CE18353E-021A-48B7-9EE6-3A82A94AFD0C}.Release|Any CPU.Build.0 = Release|Any CPU
	EndGlobalSection
	GlobalSection(SolutionProperties) = preSolution
		HideSolutionNode = FALSE
	EndGlobalSection
	GlobalSection(ExtensibilityGlobals) = postSolution
		SolutionGuid = {754C2B8A-2BD5-4E62-9073-13F723E9C7AC}
	EndGlobalSection
EndGlobal
