
Microsoft Visual Studio Solution File, Format Version 12.00
# Visual Studio Version 17
VisualStudioVersion = 17.1.32210.238
MinimumVisualStudioVersion = 10.0.40219.1
Project("{FAE04EC0-301F-11D3-BF4B-00C04F79EFBC}") = "StringMethods", "StringMethods\StringMethods.csproj", "{2A633506-A4D6-48D5-AA72-FAB8AE2507D8}"
EndProject
Global
	GlobalSection(SolutionConfigurationPlatforms) = preSolution
		Debug|Any CPU = Debug|Any CPU
		Release|Any CPU = Release|Any CPU
	EndGlobalSection
	GlobalSection(ProjectConfigurationPlatforms) = postSolution
		{2A633506-A4D6-48D5-AA72-FAB8AE2507D8}.Debug|Any CPU.ActiveCfg = Debug|Any CPU
		{2A633506-A4D6-48D5-AA72-FAB8AE2507D8}.Debug|Any CPU.Build.0 = Debug|Any CPU
		{2A633506-A4D6-48D5-AA72-FAB8AE2507D8}.Release|Any CPU.ActiveCfg = Release|Any CPU
		{2A633506-A4D6-48D5-AA72-FAB8AE2507D8}.Release|Any CPU.Build.0 = Release|Any CPU
	EndGlobalSection
	GlobalSection(SolutionProperties) = preSolution
		HideSolutionNode = FALSE
	EndGlobalSection
	GlobalSection(ExtensibilityGlobals) = postSolution
		SolutionGuid = {9806BAAC-8BDF-4EDA-B9A5-0D59477A3360}
	EndGlobalSection
EndGlobal
