
Microsoft Visual Studio Solution File, Format Version 12.00
# Visual Studio Version 17
VisualStudioVersion = 17.1.32210.238
MinimumVisualStudioVersion = 10.0.40219.1
Project("{FAE04EC0-301F-11D3-BF4B-00C04F79EFBC}") = "Collections_Dictionary", "Collections_Dictionary\Collections_Dictionary.csproj", "{81AEE35F-DDD0-410E-8BAB-FE21EFEF1DDB}"
EndProject
Global
	GlobalSection(SolutionConfigurationPlatforms) = preSolution
		Debug|Any CPU = Debug|Any CPU
		Release|Any CPU = Release|Any CPU
	EndGlobalSection
	GlobalSection(ProjectConfigurationPlatforms) = postSolution
		{81AEE35F-DDD0-410E-8BAB-FE21EFEF1DDB}.Debug|Any CPU.ActiveCfg = Debug|Any CPU
		{81AEE35F-DDD0-410E-8BAB-FE21EFEF1DDB}.Debug|Any CPU.Build.0 = Debug|Any CPU
		{81AEE35F-DDD0-410E-8BAB-FE21EFEF1DDB}.Release|Any CPU.ActiveCfg = Release|Any CPU
		{81AEE35F-DDD0-410E-8BAB-FE21EFEF1DDB}.Release|Any CPU.Build.0 = Release|Any CPU
	EndGlobalSection
	GlobalSection(SolutionProperties) = preSolution
		HideSolutionNode = FALSE
	EndGlobalSection
	GlobalSection(ExtensibilityGlobals) = postSolution
		SolutionGuid = {CC153F11-452D-418E-9667-3BE68BB36DC2}
	EndGlobalSection
EndGlobal
